// !$*UTF8*$!
{
	archiveVersion = 1;
	classes = {
	};
	objectVersion = 46;
	objects = {

/* Begin PBXBuildFile section */
		2074C614FD3233161F8720D1 /* libPods-NewsApp.a in Frameworks */ = {isa = PBXBuildFile; fileRef = AFEBB0B105444DFCCA17DAC6 /* libPods-NewsApp.a */; };
		48FA3FA21EF8320F0017790F /* TopStoriesVC.m in Sources */ = {isa = PBXBuildFile; fileRef = 48FA3FA11EF8320F0017790F /* TopStoriesVC.m */; };
		48FA3FA51EF832760017790F /* TopStoriesDetailVc.m in Sources */ = {isa = PBXBuildFile; fileRef = 48FA3FA41EF832760017790F /* TopStoriesDetailVc.m */; };
		48FA3FA81EF833E40017790F /* SelectFavoritesVC.m in Sources */ = {isa = PBXBuildFile; fileRef = 48FA3FA71EF833E40017790F /* SelectFavoritesVC.m */; };
		48FA3FAB1EF834110017790F /* FavoritesVC.m in Sources */ = {isa = PBXBuildFile; fileRef = 48FA3FAA1EF834110017790F /* FavoritesVC.m */; };
		48FA3FAE1EF8345D0017790F /* FavoritesDetailVC.m in Sources */ = {isa = PBXBuildFile; fileRef = 48FA3FAD1EF8345D0017790F /* FavoritesDetailVC.m */; };
		48FA3FB11EF834E70017790F /* MapKitVC.m in Sources */ = {isa = PBXBuildFile; fileRef = 48FA3FB01EF834E70017790F /* MapKitVC.m */; };
		48FA3FB41EF835320017790F /* CategoriesVC.m in Sources */ = {isa = PBXBuildFile; fileRef = 48FA3FB31EF835320017790F /* CategoriesVC.m */; };
		48FA3FBA1EF836200017790F /* CategoriesDetailVC.m in Sources */ = {isa = PBXBuildFile; fileRef = 48FA3FB91EF836200017790F /* CategoriesDetailVC.m */; };
		48FA3FBD1EFABE8E0017790F /* MapKit.framework in Frameworks */ = {isa = PBXBuildFile; fileRef = 48FA3FBC1EFABE8E0017790F /* MapKit.framework */; };
		48FA3FBF1EFABEA90017790F /* CoreLocation.framework in Frameworks */ = {isa = PBXBuildFile; fileRef = 48FA3FBE1EFABEA90017790F /* CoreLocation.framework */; };
		48FA3FC21EFAC0680017790F /* MapAnnotations.m in Sources */ = {isa = PBXBuildFile; fileRef = 48FA3FC11EFAC0680017790F /* MapAnnotations.m */; };
		48FA3FCC1EFACE9F0017790F /* B6DytOLCUAAjquD.png in Resources */ = {isa = PBXBuildFile; fileRef = 48FA3FCA1EFACE9F0017790F /* B6DytOLCUAAjquD.png */; };
		48FA3FCD1EFACE9F0017790F /* white-house_318-27080.jpg in Resources */ = {isa = PBXBuildFile; fileRef = 48FA3FCB1EFACE9F0017790F /* white-house_318-27080.jpg */; };
		48FA3FCF1EFACF300017790F /* apple_logo_40k_090318web.png in Resources */ = {isa = PBXBuildFile; fileRef = 48FA3FCE1EFACF300017790F /* apple_logo_40k_090318web.png */; };
		48FA3FD81EFB05F90017790F /* MapTVC.m in Sources */ = {isa = PBXBuildFile; fileRef = 48FA3FD71EFB05F90017790F /* MapTVC.m */; };
		68B888D41EF826C90000CF45 /* main.m in Sources */ = {isa = PBXBuildFile; fileRef = 68B888D31EF826C90000CF45 /* main.m */; };
		68B888D71EF826C90000CF45 /* AppDelegate.m in Sources */ = {isa = PBXBuildFile; fileRef = 68B888D61EF826C90000CF45 /* AppDelegate.m */; };
		68B888DD1EF826C90000CF45 /* Main.storyboard in Resources */ = {isa = PBXBuildFile; fileRef = 68B888DB1EF826C90000CF45 /* Main.storyboard */; };
		68B888E01EF826C90000CF45 /* NewsApp.xcdatamodeld in Sources */ = {isa = PBXBuildFile; fileRef = 68B888DE1EF826C90000CF45 /* NewsApp.xcdatamodeld */; };
		68B888E21EF826C90000CF45 /* Assets.xcassets in Resources */ = {isa = PBXBuildFile; fileRef = 68B888E11EF826C90000CF45 /* Assets.xcassets */; };
		68B888E51EF826C90000CF45 /* LaunchScreen.storyboard in Resources */ = {isa = PBXBuildFile; fileRef = 68B888E31EF826C90000CF45 /* LaunchScreen.storyboard */; };
/* End PBXBuildFile section */

/* Begin PBXFileReference section */
		29BDDB7C10B7014443EEE3FF /* Pods-NewsApp.release.xcconfig */ = {isa = PBXFileReference; includeInIndex = 1; lastKnownFileType = text.xcconfig; name = "Pods-NewsApp.release.xcconfig"; path = "Pods/Target Support Files/Pods-NewsApp/Pods-NewsApp.release.xcconfig"; sourceTree = "<group>"; };
		32CF43DBFBBC1AF78CCE8EE2 /* Pods-NewsApp.debug.xcconfig */ = {isa = PBXFileReference; includeInIndex = 1; lastKnownFileType = text.xcconfig; name = "Pods-NewsApp.debug.xcconfig"; path = "Pods/Target Support Files/Pods-NewsApp/Pods-NewsApp.debug.xcconfig"; sourceTree = "<group>"; };
		48FA3FA01EF8320F0017790F /* TopStoriesVC.h */ = {isa = PBXFileReference; fileEncoding = 4; lastKnownFileType = sourcecode.c.h; path = TopStoriesVC.h; sourceTree = "<group>"; };
		48FA3FA11EF8320F0017790F /* TopStoriesVC.m */ = {isa = PBXFileReference; fileEncoding = 4; lastKnownFileType = sourcecode.c.objc; path = TopStoriesVC.m; sourceTree = "<group>"; };
		48FA3FA31EF832760017790F /* TopStoriesDetailVc.h */ = {isa = PBXFileReference; fileEncoding = 4; lastKnownFileType = sourcecode.c.h; path = TopStoriesDetailVc.h; sourceTree = "<group>"; };
		48FA3FA41EF832760017790F /* TopStoriesDetailVc.m */ = {isa = PBXFileReference; fileEncoding = 4; lastKnownFileType = sourcecode.c.objc; path = TopStoriesDetailVc.m; sourceTree = "<group>"; };
		48FA3FA61EF833E40017790F /* SelectFavoritesVC.h */ = {isa = PBXFileReference; fileEncoding = 4; lastKnownFileType = sourcecode.c.h; path = SelectFavoritesVC.h; sourceTree = "<group>"; };
		48FA3FA71EF833E40017790F /* SelectFavoritesVC.m */ = {isa = PBXFileReference; fileEncoding = 4; lastKnownFileType = sourcecode.c.objc; path = SelectFavoritesVC.m; sourceTree = "<group>"; };
		48FA3FA91EF834110017790F /* FavoritesVC.h */ = {isa = PBXFileReference; fileEncoding = 4; lastKnownFileType = sourcecode.c.h; path = FavoritesVC.h; sourceTree = "<group>"; };
		48FA3FAA1EF834110017790F /* FavoritesVC.m */ = {isa = PBXFileReference; fileEncoding = 4; lastKnownFileType = sourcecode.c.objc; path = FavoritesVC.m; sourceTree = "<group>"; };
		48FA3FAC1EF8345D0017790F /* FavoritesDetailVC.h */ = {isa = PBXFileReference; fileEncoding = 4; lastKnownFileType = sourcecode.c.h; path = FavoritesDetailVC.h; sourceTree = "<group>"; };
		48FA3FAD1EF8345D0017790F /* FavoritesDetailVC.m */ = {isa = PBXFileReference; fileEncoding = 4; lastKnownFileType = sourcecode.c.objc; path = FavoritesDetailVC.m; sourceTree = "<group>"; };
		48FA3FAF1EF834E70017790F /* MapKitVC.h */ = {isa = PBXFileReference; fileEncoding = 4; lastKnownFileType = sourcecode.c.h; path = MapKitVC.h; sourceTree = "<group>"; };
		48FA3FB01EF834E70017790F /* MapKitVC.m */ = {isa = PBXFileReference; fileEncoding = 4; lastKnownFileType = sourcecode.c.objc; path = MapKitVC.m; sourceTree = "<group>"; };
		48FA3FB21EF835320017790F /* CategoriesVC.h */ = {isa = PBXFileReference; fileEncoding = 4; lastKnownFileType = sourcecode.c.h; path = CategoriesVC.h; sourceTree = "<group>"; };
		48FA3FB31EF835320017790F /* CategoriesVC.m */ = {isa = PBXFileReference; fileEncoding = 4; lastKnownFileType = sourcecode.c.objc; path = CategoriesVC.m; sourceTree = "<group>"; };
		48FA3FB81EF836200017790F /* CategoriesDetailVC.h */ = {isa = PBXFileReference; fileEncoding = 4; lastKnownFileType = sourcecode.c.h; path = CategoriesDetailVC.h; sourceTree = "<group>"; };
		48FA3FB91EF836200017790F /* CategoriesDetailVC.m */ = {isa = PBXFileReference; fileEncoding = 4; lastKnownFileType = sourcecode.c.objc; path = CategoriesDetailVC.m; sourceTree = "<group>"; };
		48FA3FBC1EFABE8E0017790F /* MapKit.framework */ = {isa = PBXFileReference; lastKnownFileType = wrapper.framework; name = MapKit.framework; path = System/Library/Frameworks/MapKit.framework; sourceTree = SDKROOT; };
		48FA3FBE1EFABEA90017790F /* CoreLocation.framework */ = {isa = PBXFileReference; lastKnownFileType = wrapper.framework; name = CoreLocation.framework; path = System/Library/Frameworks/CoreLocation.framework; sourceTree = SDKROOT; };
		48FA3FC01EFAC0680017790F /* MapAnnotations.h */ = {isa = PBXFileReference; fileEncoding = 4; lastKnownFileType = sourcecode.c.h; path = MapAnnotations.h; sourceTree = "<group>"; };
		48FA3FC11EFAC0680017790F /* MapAnnotations.m */ = {isa = PBXFileReference; fileEncoding = 4; lastKnownFileType = sourcecode.c.objc; path = MapAnnotations.m; sourceTree = "<group>"; };
		48FA3FCA1EFACE9F0017790F /* B6DytOLCUAAjquD.png */ = {isa = PBXFileReference; lastKnownFileType = image.png; path = B6DytOLCUAAjquD.png; sourceTree = "<group>"; };
		48FA3FCB1EFACE9F0017790F /* white-house_318-27080.jpg */ = {isa = PBXFileReference; lastKnownFileType = image.jpeg; path = "white-house_318-27080.jpg"; sourceTree = "<group>"; };
		48FA3FCE1EFACF300017790F /* apple_logo_40k_090318web.png */ = {isa = PBXFileReference; lastKnownFileType = image.png; path = apple_logo_40k_090318web.png; sourceTree = "<group>"; };
		48FA3FD61EFB05F90017790F /* MapTVC.h */ = {isa = PBXFileReference; fileEncoding = 4; lastKnownFileType = sourcecode.c.h; path = MapTVC.h; sourceTree = "<group>"; };
		48FA3FD71EFB05F90017790F /* MapTVC.m */ = {isa = PBXFileReference; fileEncoding = 4; lastKnownFileType = sourcecode.c.objc; path = MapTVC.m; sourceTree = "<group>"; };
		68B888CF1EF826C90000CF45 /* NewsApp.app */ = {isa = PBXFileReference; explicitFileType = wrapper.application; includeInIndex = 0; path = NewsApp.app; sourceTree = BUILT_PRODUCTS_DIR; };
		68B888D31EF826C90000CF45 /* main.m */ = {isa = PBXFileReference; lastKnownFileType = sourcecode.c.objc; path = main.m; sourceTree = "<group>"; };
		68B888D51EF826C90000CF45 /* AppDelegate.h */ = {isa = PBXFileReference; lastKnownFileType = sourcecode.c.h; path = AppDelegate.h; sourceTree = "<group>"; };
		68B888D61EF826C90000CF45 /* AppDelegate.m */ = {isa = PBXFileReference; lastKnownFileType = sourcecode.c.objc; path = AppDelegate.m; sourceTree = "<group>"; };
		68B888DC1EF826C90000CF45 /* Base */ = {isa = PBXFileReference; lastKnownFileType = file.storyboard; name = Base; path = Base.lproj/Main.storyboard; sourceTree = "<group>"; };
		68B888DF1EF826C90000CF45 /* NewsApp.xcdatamodel */ = {isa = PBXFileReference; lastKnownFileType = wrapper.xcdatamodel; path = NewsApp.xcdatamodel; sourceTree = "<group>"; };
		68B888E11EF826C90000CF45 /* Assets.xcassets */ = {isa = PBXFileReference; lastKnownFileType = folder.assetcatalog; path = Assets.xcassets; sourceTree = "<group>"; };
		68B888E41EF826C90000CF45 /* Base */ = {isa = PBXFileReference; lastKnownFileType = file.storyboard; name = Base; path = Base.lproj/LaunchScreen.storyboard; sourceTree = "<group>"; };
		68B888E61EF826C90000CF45 /* Info.plist */ = {isa = PBXFileReference; lastKnownFileType = text.plist.xml; path = Info.plist; sourceTree = "<group>"; };
		AFEBB0B105444DFCCA17DAC6 /* libPods-NewsApp.a */ = {isa = PBXFileReference; explicitFileType = archive.ar; includeInIndex = 0; path = "libPods-NewsApp.a"; sourceTree = BUILT_PRODUCTS_DIR; };
/* End PBXFileReference section */

/* Begin PBXFrameworksBuildPhase section */
		68B888CC1EF826C90000CF45 /* Frameworks */ = {
			isa = PBXFrameworksBuildPhase;
			buildActionMask = 2147483647;
			files = (
				48FA3FBF1EFABEA90017790F /* CoreLocation.framework in Frameworks */,
				48FA3FBD1EFABE8E0017790F /* MapKit.framework in Frameworks */,
				2074C614FD3233161F8720D1 /* libPods-NewsApp.a in Frameworks */,
			);
			runOnlyForDeploymentPostprocessing = 0;
		};
/* End PBXFrameworksBuildPhase section */

/* Begin PBXGroup section */
		48FA3FBB1EFABE8E0017790F /* Frameworks */ = {
			isa = PBXGroup;
			children = (
				48FA3FBE1EFABEA90017790F /* CoreLocation.framework */,
				48FA3FBC1EFABE8E0017790F /* MapKit.framework */,
				AFEBB0B105444DFCCA17DAC6 /* libPods-NewsApp.a */,
			);
			name = Frameworks;
			sourceTree = "<group>";
		};
		48FA3FC31EFACCAE0017790F /* images */ = {
			isa = PBXGroup;
			children = (
				48FA3FCE1EFACF300017790F /* apple_logo_40k_090318web.png */,
				48FA3FCA1EFACE9F0017790F /* B6DytOLCUAAjquD.png */,
				48FA3FCB1EFACE9F0017790F /* white-house_318-27080.jpg */,
			);
			name = images;
			sourceTree = "<group>";
		};
		53EF03B55E1011A3FEB07293 /* Pods */ = {
			isa = PBXGroup;
			children = (
				32CF43DBFBBC1AF78CCE8EE2 /* Pods-NewsApp.debug.xcconfig */,
				29BDDB7C10B7014443EEE3FF /* Pods-NewsApp.release.xcconfig */,
			);
			name = Pods;
			sourceTree = "<group>";
		};
		68B888C61EF826C90000CF45 = {
			isa = PBXGroup;
			children = (
				68B888D11EF826C90000CF45 /* NewsApp */,
				68B888D01EF826C90000CF45 /* Products */,
				48FA3FBB1EFABE8E0017790F /* Frameworks */,
				53EF03B55E1011A3FEB07293 /* Pods */,
			);
			sourceTree = "<group>";
		};
		68B888D01EF826C90000CF45 /* Products */ = {
			isa = PBXGroup;
			children = (
				68B888CF1EF826C90000CF45 /* NewsApp.app */,
			);
			name = Products;
			sourceTree = "<group>";
		};
		68B888D11EF826C90000CF45 /* NewsApp */ = {
			isa = PBXGroup;
			children = (
				68B888D51EF826C90000CF45 /* AppDelegate.h */,
				68B888D61EF826C90000CF45 /* AppDelegate.m */,
				68B888DB1EF826C90000CF45 /* Main.storyboard */,
				68B888E11EF826C90000CF45 /* Assets.xcassets */,
				68B888E31EF826C90000CF45 /* LaunchScreen.storyboard */,
				68B888E61EF826C90000CF45 /* Info.plist */,
				68B888DE1EF826C90000CF45 /* NewsApp.xcdatamodeld */,
				68B888D21EF826C90000CF45 /* Supporting Files */,
				48FA3FA01EF8320F0017790F /* TopStoriesVC.h */,
				48FA3FA11EF8320F0017790F /* TopStoriesVC.m */,
				48FA3FA31EF832760017790F /* TopStoriesDetailVc.h */,
				48FA3FA41EF832760017790F /* TopStoriesDetailVc.m */,
				48FA3FA61EF833E40017790F /* SelectFavoritesVC.h */,
				48FA3FA71EF833E40017790F /* SelectFavoritesVC.m */,
				48FA3FA91EF834110017790F /* FavoritesVC.h */,
				48FA3FAA1EF834110017790F /* FavoritesVC.m */,
				48FA3FAC1EF8345D0017790F /* FavoritesDetailVC.h */,
				48FA3FAD1EF8345D0017790F /* FavoritesDetailVC.m */,
				48FA3FAF1EF834E70017790F /* MapKitVC.h */,
				48FA3FB01EF834E70017790F /* MapKitVC.m */,
				48FA3FB21EF835320017790F /* CategoriesVC.h */,
				48FA3FB31EF835320017790F /* CategoriesVC.m */,
				48FA3FB81EF836200017790F /* CategoriesDetailVC.h */,
				48FA3FB91EF836200017790F /* CategoriesDetailVC.m */,
				48FA3FC01EFAC0680017790F /* MapAnnotations.h */,
				48FA3FC11EFAC0680017790F /* MapAnnotations.m */,
				48FA3FD61EFB05F90017790F /* MapTVC.h */,
				48FA3FD71EFB05F90017790F /* MapTVC.m */,
				48FA3FC31EFACCAE0017790F /* images */,
			);
			path = NewsApp;
			sourceTree = "<group>";
		};
		68B888D21EF826C90000CF45 /* Supporting Files */ = {
			isa = PBXGroup;
			children = (
				68B888D31EF826C90000CF45 /* main.m */,
			);
			name = "Supporting Files";
			sourceTree = "<group>";
		};
/* End PBXGroup section */

/* Begin PBXNativeTarget section */
		68B888CE1EF826C90000CF45 /* NewsApp */ = {
			isa = PBXNativeTarget;
			buildConfigurationList = 68B888E91EF826C90000CF45 /* Build configuration list for PBXNativeTarget "NewsApp" */;
			buildPhases = (
				007F04BC4F7462F895DF976D /* [CP] Check Pods Manifest.lock */,
				68B888CB1EF826C90000CF45 /* Sources */,
				68B888CC1EF826C90000CF45 /* Frameworks */,
				68B888CD1EF826C90000CF45 /* Resources */,
				86377818DA16DD118576844F /* [CP] Embed Pods Frameworks */,
				69FA1C295AB3B078E4C98FAD /* [CP] Copy Pods Resources */,
			);
			buildRules = (
			);
			dependencies = (
			);
			name = NewsApp;
			productName = NewsApp;
			productReference = 68B888CF1EF826C90000CF45 /* NewsApp.app */;
			productType = "com.apple.product-type.application";
		};
/* End PBXNativeTarget section */

/* Begin PBXProject section */
		68B888C71EF826C90000CF45 /* Project object */ = {
			isa = PBXProject;
			attributes = {
				LastUpgradeCheck = 0820;
				ORGANIZATIONNAME = rt_user;
				TargetAttributes = {
					68B888CE1EF826C90000CF45 = {
						CreatedOnToolsVersion = 8.2.1;
						ProvisioningStyle = Automatic;
						SystemCapabilities = {
							com.apple.Maps.iOS = {
								enabled = 1;
							};
						};
					};
				};
			};
			buildConfigurationList = 68B888CA1EF826C90000CF45 /* Build configuration list for PBXProject "NewsApp" */;
			compatibilityVersion = "Xcode 3.2";
			developmentRegion = English;
			hasScannedForEncodings = 0;
			knownRegions = (
				en,
				Base,
			);
			mainGroup = 68B888C61EF826C90000CF45;
			productRefGroup = 68B888D01EF826C90000CF45 /* Products */;
			projectDirPath = "";
			projectRoot = "";
			targets = (
				68B888CE1EF826C90000CF45 /* NewsApp */,
			);
		};
/* End PBXProject section */

/* Begin PBXResourcesBuildPhase section */
		68B888CD1EF826C90000CF45 /* Resources */ = {
			isa = PBXResourcesBuildPhase;
			buildActionMask = 2147483647;
			files = (
				68B888E51EF826C90000CF45 /* LaunchScreen.storyboard in Resources */,
				68B888E21EF826C90000CF45 /* Assets.xcassets in Resources */,
				68B888DD1EF826C90000CF45 /* Main.storyboard in Resources */,
				48FA3FCD1EFACE9F0017790F /* white-house_318-27080.jpg in Resources */,
				48FA3FCC1EFACE9F0017790F /* B6DytOLCUAAjquD.png in Resources */,
				48FA3FCF1EFACF300017790F /* apple_logo_40k_090318web.png in Resources */,
			);
			runOnlyForDeploymentPostprocessing = 0;
		};
/* End PBXResourcesBuildPhase section */

/* Begin PBXShellScriptBuildPhase section */
		007F04BC4F7462F895DF976D /* [CP] Check Pods Manifest.lock */ = {
			isa = PBXShellScriptBuildPhase;
			buildActionMask = 2147483647;
			files = (
			);
			inputPaths = (
			);
			name = "[CP] Check Pods Manifest.lock";
			outputPaths = (
			);
			runOnlyForDeploymentPostprocessing = 0;
			shellPath = /bin/sh;
			shellScript = "diff \"${PODS_PODFILE_DIR_PATH}/Podfile.lock\" \"${PODS_ROOT}/Manifest.lock\" > /dev/null\nif [ $? != 0 ] ; then\n    # print error to STDERR\n    echo \"error: The sandbox is not in sync with the Podfile.lock. Run 'pod install' or update your CocoaPods installation.\" >&2\n    exit 1\nfi\n";
			showEnvVarsInLog = 0;
		};
		69FA1C295AB3B078E4C98FAD /* [CP] Copy Pods Resources */ = {
			isa = PBXShellScriptBuildPhase;
			buildActionMask = 2147483647;
			files = (
			);
			inputPaths = (
			);
			name = "[CP] Copy Pods Resources";
			outputPaths = (
			);
			runOnlyForDeploymentPostprocessing = 0;
			shellPath = /bin/sh;
			shellScript = "\"${SRCROOT}/Pods/Target Support Files/Pods-NewsApp/Pods-NewsApp-resources.sh\"\n";
			showEnvVarsInLog = 0;
		};
		86377818DA16DD118576844F /* [CP] Embed Pods Frameworks */ = {
			isa = PBXShellScriptBuildPhase;
			buildActionMask = 2147483647;
			files = (
			);
			inputPaths = (
			);
			name = "[CP] Embed Pods Frameworks";
			outputPaths = (
			);
			runOnlyForDeploymentPostprocessing = 0;
			shellPath = /bin/sh;
			shellScript = "\"${SRCROOT}/Pods/Target Support Files/Pods-NewsApp/Pods-NewsApp-frameworks.sh\"\n";
			showEnvVarsInLog = 0;
		};
/* End PBXShellScriptBuildPhase section */

/* Begin PBXSourcesBuildPhase section */
		68B888CB1EF826C90000CF45 /* Sources */ = {
			isa = PBXSourcesBuildPhase;
			buildActionMask = 2147483647;
			files = (
				48FA3FA21EF8320F0017790F /* TopStoriesVC.m in Sources */,
				48FA3FBA1EF836200017790F /* CategoriesDetailVC.m in Sources */,
				68B888D71EF826C90000CF45 /* AppDelegate.m in Sources */,
				48FA3FA51EF832760017790F /* TopStoriesDetailVc.m in Sources */,
				48FA3FB11EF834E70017790F /* MapKitVC.m in Sources */,
				48FA3FAB1EF834110017790F /* FavoritesVC.m in Sources */,
				48FA3FA81EF833E40017790F /* SelectFavoritesVC.m in Sources */,
				68B888E01EF826C90000CF45 /* NewsApp.xcdatamodeld in Sources */,
				48FA3FAE1EF8345D0017790F /* FavoritesDetailVC.m in Sources */,
				68B888D41EF826C90000CF45 /* main.m in Sources */,
				48FA3FB41EF835320017790F /* CategoriesVC.m in Sources */,
				48FA3FC21EFAC0680017790F /* MapAnnotations.m in Sources */,
				48FA3FD81EFB05F90017790F /* MapTVC.m in Sources */,
			);
			runOnlyForDeploymentPostprocessing = 0;
		};
/* End PBXSourcesBuildPhase section */

/* Begin PBXVariantGroup section */
		68B888DB1EF826C90000CF45 /* Main.storyboard */ = {
			isa = PBXVariantGroup;
			children = (
				68B888DC1EF826C90000CF45 /* Base */,
			);
			name = Main.storyboard;
			sourceTree = "<group>";
		};
		68B888E31EF826C90000CF45 /* LaunchScreen.storyboard */ = {
			isa = PBXVariantGroup;
			children = (
				68B888E41EF826C90000CF45 /* Base */,
			);
			name = LaunchScreen.storyboard;
			sourceTree = "<group>";
		};
/* End PBXVariantGroup section */

/* Begin XCBuildConfiguration section */
		68B888E71EF826C90000CF45 /* Debug */ = {
			isa = XCBuildConfiguration;
			buildSettings = {
				ALWAYS_SEARCH_USER_PATHS = NO;
				CLANG_ANALYZER_NONNULL = YES;
				CLANG_CXX_LANGUAGE_STANDARD = "gnu++0x";
				CLANG_CXX_LIBRARY = "libc++";
				CLANG_ENABLE_MODULES = YES;
				CLANG_ENABLE_OBJC_ARC = YES;
				CLANG_WARN_BOOL_CONVERSION = YES;
				CLANG_WARN_CONSTANT_CONVERSION = YES;
				CLANG_WARN_DIRECT_OBJC_ISA_USAGE = YES_ERROR;
				CLANG_WARN_DOCUMENTATION_COMMENTS = YES;
				CLANG_WARN_EMPTY_BODY = YES;
				CLANG_WARN_ENUM_CONVERSION = YES;
				CLANG_WARN_INFINITE_RECURSION = YES;
				CLANG_WARN_INT_CONVERSION = YES;
				CLANG_WARN_OBJC_ROOT_CLASS = YES_ERROR;
				CLANG_WARN_SUSPICIOUS_MOVE = YES;
				CLANG_WARN_UNREACHABLE_CODE = YES;
				CLANG_WARN__DUPLICATE_METHOD_MATCH = YES;
				"CODE_SIGN_IDENTITY[sdk=iphoneos*]" = "iPhone Developer";
				COPY_PHASE_STRIP = NO;
				DEBUG_INFORMATION_FORMAT = dwarf;
				ENABLE_STRICT_OBJC_MSGSEND = YES;
				ENABLE_TESTABILITY = YES;
				GCC_C_LANGUAGE_STANDARD = gnu99;
				GCC_DYNAMIC_NO_PIC = NO;
				GCC_NO_COMMON_BLOCKS = YES;
				GCC_OPTIMIZATION_LEVEL = 0;
				GCC_PREPROCESSOR_DEFINITIONS = (
					"DEBUG=1",
					"$(inherited)",
				);
				GCC_WARN_64_TO_32_BIT_CONVERSION = YES;
				GCC_WARN_ABOUT_RETURN_TYPE = YES_ERROR;
				GCC_WARN_UNDECLARED_SELECTOR = YES;
				GCC_WARN_UNINITIALIZED_AUTOS = YES_AGGRESSIVE;
				GCC_WARN_UNUSED_FUNCTION = YES;
				GCC_WARN_UNUSED_VARIABLE = YES;
				IPHONEOS_DEPLOYMENT_TARGET = 10.2;
				MTL_ENABLE_DEBUG_INFO = YES;
				ONLY_ACTIVE_ARCH = YES;
				SDKROOT = iphoneos;
			};
			name = Debug;
		};
		68B888E81EF826C90000CF45 /* Release */ = {
			isa = XCBuildConfiguration;
			buildSettings = {
				ALWAYS_SEARCH_USER_PATHS = NO;
				CLANG_ANALYZER_NONNULL = YES;
				CLANG_CXX_LANGUAGE_STANDARD = "gnu++0x";
				CLANG_CXX_LIBRARY = "libc++";
				CLANG_ENABLE_MODULES = YES;
				CLANG_ENABLE_OBJC_ARC = YES;
				CLANG_WARN_BOOL_CONVERSION = YES;
				CLANG_WARN_CONSTANT_CONVERSION = YES;
				CLANG_WARN_DIRECT_OBJC_ISA_USAGE = YES_ERROR;
				CLANG_WARN_DOCUMENTATION_COMMENTS = YES;
				CLANG_WARN_EMPTY_BODY = YES;
				CLANG_WARN_ENUM_CONVERSION = YES;
				CLANG_WARN_INFINITE_RECURSION = YES;
				CLANG_WARN_INT_CONVERSION = YES;
				CLANG_WARN_OBJC_ROOT_CLASS = YES_ERROR;
				CLANG_WARN_SUSPICIOUS_MOVE = YES;
				CLANG_WARN_UNREACHABLE_CODE = YES;
				CLANG_WARN__DUPLICATE_METHOD_MATCH = YES;
				"CODE_SIGN_IDENTITY[sdk=iphoneos*]" = "iPhone Developer";
				COPY_PHASE_STRIP = NO;
				DEBUG_INFORMATION_FORMAT = "dwarf-with-dsym";
				ENABLE_NS_ASSERTIONS = NO;
				ENABLE_STRICT_OBJC_MSGSEND = YES;
				GCC_C_LANGUAGE_STANDARD = gnu99;
				GCC_NO_COMMON_BLOCKS = YES;
				GCC_WARN_64_TO_32_BIT_CONVERSION = YES;
				GCC_WARN_ABOUT_RETURN_TYPE = YES_ERROR;
				GCC_WARN_UNDECLARED_SELECTOR = YES;
				GCC_WARN_UNINITIALIZED_AUTOS = YES_AGGRESSIVE;
				GCC_WARN_UNUSED_FUNCTION = YES;
				GCC_WARN_UNUSED_VARIABLE = YES;
				IPHONEOS_DEPLOYMENT_TARGET = 10.2;
				MTL_ENABLE_DEBUG_INFO = NO;
				SDKROOT = iphoneos;
				VALIDATE_PRODUCT = YES;
			};
			name = Release;
		};
		68B888EA1EF826C90000CF45 /* Debug */ = {
			isa = XCBuildConfiguration;
			baseConfigurationReference = 32CF43DBFBBC1AF78CCE8EE2 /* Pods-NewsApp.debug.xcconfig */;
			buildSettings = {
				ASSETCATALOG_COMPILER_APPICON_NAME = AppIcon;
				INFOPLIST_FILE = NewsApp/Info.plist;
				LD_RUNPATH_SEARCH_PATHS = "$(inherited) @executable_path/Frameworks";
				PRODUCT_BUNDLE_IDENTIFIER = com.nishigandha.NewsApp;
				PRODUCT_NAME = "$(TARGET_NAME)";
			};
			name = Debug;
		};
		68B888EB1EF826C90000CF45 /* Release */ = {
			isa = XCBuildConfiguration;
			baseConfigurationReference = 29BDDB7C10B7014443EEE3FF /* Pods-NewsApp.release.xcconfig */;
			buildSettings = {
				ASSETCATALOG_COMPILER_APPICON_NAME = AppIcon;
				INFOPLIST_FILE = NewsApp/Info.plist;
				LD_RUNPATH_SEARCH_PATHS = "$(inherited) @executable_path/Frameworks";
				PRODUCT_BUNDLE_IDENTIFIER = com.nishigandha.NewsApp;
				PRODUCT_NAME = "$(TARGET_NAME)";
			};
			name = Release;
		};
/* End XCBuildConfiguration section */

/* Begin XCConfigurationList section */
		68B888CA1EF826C90000CF45 /* Build configuration list for PBXProject "NewsApp" */ = {
			isa = XCConfigurationList;
			buildConfigurations = (
				68B888E71EF826C90000CF45 /* Debug */,
				68B888E81EF826C90000CF45 /* Release */,
			);
			defaultConfigurationIsVisible = 0;
			defaultConfigurationName = Release;
		};
		68B888E91EF826C90000CF45 /* Build configuration list for PBXNativeTarget "NewsApp" */ = {
			isa = XCConfigurationList;
			buildConfigurations = (
				68B888EA1EF826C90000CF45 /* Debug */,
				68B888EB1EF826C90000CF45 /* Release */,
			);
			defaultConfigurationIsVisible = 0;
			defaultConfigurationName = Release;
		};
/* End XCConfigurationList section */

/* Begin XCVersionGroup section */
		68B888DE1EF826C90000CF45 /* NewsApp.xcdatamodeld */ = {
			isa = XCVersionGroup;
			children = (
				68B888DF1EF826C90000CF45 /* NewsApp.xcdatamodel */,
			);
			currentVersion = 68B888DF1EF826C90000CF45 /* NewsApp.xcdatamodel */;
			path = NewsApp.xcdatamodeld;
			sourceTree = "<group>";
			versionGroupType = wrapper.xcdatamodel;
		};
/* End XCVersionGroup section */
	};
	rootObject = 68B888C71EF826C90000CF45 /* Project object */;
}
